// !$*UTF8*$!
{
	archiveVersion = 1;
	classes = {
	};
	objectVersion = 46;
	objects = {

/* Begin PBXBuildFile section */
		32FE912E1A8F9D530058A03B /* AppDelegate.swift in Sources */ = {isa = PBXBuildFile; fileRef = 32FE912D1A8F9D530058A03B /* AppDelegate.swift */; };
		32FE91301A8F9D530058A03B /* RecordSoundsViewController.swift in Sources */ = {isa = PBXBuildFile; fileRef = 32FE912F1A8F9D530058A03B /* RecordSoundsViewController.swift */; };
		32FE91331A8F9D530058A03B /* Main.storyboard in Resources */ = {isa = PBXBuildFile; fileRef = 32FE91311A8F9D530058A03B /* Main.storyboard */; };
		32FE91351A8F9D530058A03B /* Images.xcassets in Resources */ = {isa = PBXBuildFile; fileRef = 32FE91341A8F9D530058A03B /* Images.xcassets */; };
		32FE91381A8F9D530058A03B /* LaunchScreen.xib in Resources */ = {isa = PBXBuildFile; fileRef = 32FE91361A8F9D530058A03B /* LaunchScreen.xib */; };
		32FE91441A8F9D530058A03B /* Pitch_PerfectTests.swift in Sources */ = {isa = PBXBuildFile; fileRef = 32FE91431A8F9D530058A03B /* Pitch_PerfectTests.swift */; };
		32FE914E1A8FC9060058A03B /* PlaySoundsViewController.swift in Sources */ = {isa = PBXBuildFile; fileRef = 32FE914D1A8FC9060058A03B /* PlaySoundsViewController.swift */; };
		32FE91521A8FD4D80058A03B /* movie_quote.mp3 in Resources */ = {isa = PBXBuildFile; fileRef = 32FE91511A8FD4D80058A03B /* movie_quote.mp3 */; };
		32FE91541A9244AF0058A03B /* RecordedAudio.swift in Sources */ = {isa = PBXBuildFile; fileRef = 32FE91531A9244AF0058A03B /* RecordedAudio.swift */; };
/* End PBXBuildFile section */

/* Begin PBXContainerItemProxy section */
		32FE913E1A8F9D530058A03B /* PBXContainerItemProxy */ = {
			isa = PBXContainerItemProxy;
			containerPortal = 32FE91201A8F9D530058A03B /* Project object */;
			proxyType = 1;
			remoteGlobalIDString = 32FE91271A8F9D530058A03B;
			remoteInfo = "Pitch Perfect";
		};
/* End PBXContainerItemProxy section */

/* Begin PBXFileReference section */
		32FE91281A8F9D530058A03B /* Pitch Perfect.app */ = {isa = PBXFileReference; explicitFileType = wrapper.application; includeInIndex = 0; path = "Pitch Perfect.app"; sourceTree = BUILT_PRODUCTS_DIR; };
		32FE912C1A8F9D530058A03B /* Info.plist */ = {isa = PBXFileReference; lastKnownFileType = text.plist.xml; path = Info.plist; sourceTree = "<group>"; };
		32FE912D1A8F9D530058A03B /* AppDelegate.swift */ = {isa = PBXFileReference; lastKnownFileType = sourcecode.swift; path = AppDelegate.swift; sourceTree = "<group>"; };
		32FE912F1A8F9D530058A03B /* RecordSoundsViewController.swift */ = {isa = PBXFileReference; lastKnownFileType = sourcecode.swift; path = RecordSoundsViewController.swift; sourceTree = "<group>"; };
		32FE91321A8F9D530058A03B /* Base */ = {isa = PBXFileReference; lastKnownFileType = file.storyboard; name = Base; path = Base.lproj/Main.storyboard; sourceTree = "<group>"; };
		32FE91341A8F9D530058A03B /* Images.xcassets */ = {isa = PBXFileReference; lastKnownFileType = folder.assetcatalog; path = Images.xcassets; sourceTree = "<group>"; };
		32FE91371A8F9D530058A03B /* Base */ = {isa = PBXFileReference; lastKnownFileType = file.xib; name = Base; path = Base.lproj/LaunchScreen.xib; sourceTree = "<group>"; };
		32FE913D1A8F9D530058A03B /* Pitch PerfectTests.xctest */ = {isa = PBXFileReference; explicitFileType = wrapper.cfbundle; includeInIndex = 0; path = "Pitch PerfectTests.xctest"; sourceTree = BUILT_PRODUCTS_DIR; };
		32FE91421A8F9D530058A03B /* Info.plist */ = {isa = PBXFileReference; lastKnownFileType = text.plist.xml; path = Info.plist; sourceTree = "<group>"; };
		32FE91431A8F9D530058A03B /* Pitch_PerfectTests.swift */ = {isa = PBXFileReference; lastKnownFileType = sourcecode.swift; path = Pitch_PerfectTests.swift; sourceTree = "<group>"; };
		32FE914D1A8FC9060058A03B /* PlaySoundsViewController.swift */ = {isa = PBXFileReference; fileEncoding = 4; lastKnownFileType = sourcecode.swift; path = PlaySoundsViewController.swift; sourceTree = "<group>"; };
		32FE91511A8FD4D80058A03B /* movie_quote.mp3 */ = {isa = PBXFileReference; lastKnownFileType = audio.mp3; path = movie_quote.mp3; sourceTree = "<group>"; };
		32FE91531A9244AF0058A03B /* RecordedAudio.swift */ = {isa = PBXFileReference; fileEncoding = 4; lastKnownFileType = sourcecode.swift; path = RecordedAudio.swift; sourceTree = "<group>"; };
/* End PBXFileReference section */

/* Begin PBXFrameworksBuildPhase section */
		32FE91251A8F9D530058A03B /* Frameworks */ = {
			isa = PBXFrameworksBuildPhase;
			buildActionMask = 2147483647;
			files = (
			);
			runOnlyForDeploymentPostprocessing = 0;
		};
		32FE913A1A8F9D530058A03B /* Frameworks */ = {
			isa = PBXFrameworksBuildPhase;
			buildActionMask = 2147483647;
			files = (
			);
			runOnlyForDeploymentPostprocessing = 0;
		};
/* End PBXFrameworksBuildPhase section */

/* Begin PBXGroup section */
		32FE911F1A8F9D530058A03B = {
			isa = PBXGroup;
			children = (
				32FE912A1A8F9D530058A03B /* Pitch Perfect */,
				32FE91401A8F9D530058A03B /* Pitch PerfectTests */,
				32FE91291A8F9D530058A03B /* Products */,
			);
			sourceTree = "<group>";
		};
		32FE91291A8F9D530058A03B /* Products */ = {
			isa = PBXGroup;
			children = (
				32FE91281A8F9D530058A03B /* Pitch Perfect.app */,
				32FE913D1A8F9D530058A03B /* Pitch PerfectTests.xctest */,
			);
			name = Products;
			sourceTree = "<group>";
		};
		32FE912A1A8F9D530058A03B /* Pitch Perfect */ = {
			isa = PBXGroup;
			children = (
				32FE912D1A8F9D530058A03B /* AppDelegate.swift */,
				32FE912F1A8F9D530058A03B /* RecordSoundsViewController.swift */,
				32FE91311A8F9D530058A03B /* Main.storyboard */,
				32FE91531A9244AF0058A03B /* RecordedAudio.swift */,
				32FE914D1A8FC9060058A03B /* PlaySoundsViewController.swift */,
				32FE91341A8F9D530058A03B /* Images.xcassets */,
				32FE91361A8F9D530058A03B /* LaunchScreen.xib */,
				32FE912B1A8F9D530058A03B /* Supporting Files */,
			);
			path = "Pitch Perfect";
			sourceTree = "<group>";
		};
		32FE912B1A8F9D530058A03B /* Supporting Files */ = {
			isa = PBXGroup;
			children = (
				32FE91511A8FD4D80058A03B /* movie_quote.mp3 */,
				32FE912C1A8F9D530058A03B /* Info.plist */,
			);
			name = "Supporting Files";
			sourceTree = "<group>";
		};
		32FE91401A8F9D530058A03B /* Pitch PerfectTests */ = {
			isa = PBXGroup;
			children = (
				32FE91431A8F9D530058A03B /* Pitch_PerfectTests.swift */,
				32FE91411A8F9D530058A03B /* Supporting Files */,
			);
			path = "Pitch PerfectTests";
			sourceTree = "<group>";
		};
		32FE91411A8F9D530058A03B /* Supporting Files */ = {
			isa = PBXGroup;
			children = (
				32FE91421A8F9D530058A03B /* Info.plist */,
			);
			name = "Supporting Files";
			sourceTree = "<group>";
		};
/* End PBXGroup section */

/* Begin PBXNativeTarget section */
		32FE91271A8F9D530058A03B /* Pitch Perfect */ = {
			isa = PBXNativeTarget;
			buildConfigurationList = 32FE91471A8F9D530058A03B /* Build configuration list for PBXNativeTarget "Pitch Perfect" */;
			buildPhases = (
				32FE91241A8F9D530058A03B /* Sources */,
				32FE91251A8F9D530058A03B /* Frameworks */,
				32FE91261A8F9D530058A03B /* Resources */,
			);
			buildRules = (
			);
			dependencies = (
			);
			name = "Pitch Perfect";
			productName = "Pitch Perfect";
			productReference = 32FE91281A8F9D530058A03B /* Pitch Perfect.app */;
			productType = "com.apple.product-type.application";
		};
		32FE913C1A8F9D530058A03B /* Pitch PerfectTests */ = {
			isa = PBXNativeTarget;
			buildConfigurationList = 32FE914A1A8F9D530058A03B /* Build configuration list for PBXNativeTarget "Pitch PerfectTests" */;
			buildPhases = (
				32FE91391A8F9D530058A03B /* Sources */,
				32FE913A1A8F9D530058A03B /* Frameworks */,
				32FE913B1A8F9D530058A03B /* Resources */,
			);
			buildRules = (
			);
			dependencies = (
				32FE913F1A8F9D530058A03B /* PBXTargetDependency */,
			);
			name = "Pitch PerfectTests";
			productName = "Pitch PerfectTests";
			productReference = 32FE913D1A8F9D530058A03B /* Pitch PerfectTests.xctest */;
			productType = "com.apple.product-type.bundle.unit-test";
		};
/* End PBXNativeTarget section */

/* Begin PBXProject section */
		32FE91201A8F9D530058A03B /* Project object */ = {
			isa = PBXProject;
			attributes = {
				LastUpgradeCheck = 0610;
				ORGANIZATIONNAME = "Meron Goitom";
				TargetAttributes = {
					32FE91271A8F9D530058A03B = {
						CreatedOnToolsVersion = 6.1;
					};
					32FE913C1A8F9D530058A03B = {
						CreatedOnToolsVersion = 6.1;
						TestTargetID = 32FE91271A8F9D530058A03B;
					};
				};
			};
			buildConfigurationList = 32FE91231A8F9D530058A03B /* Build configuration list for PBXProject "Pitch Perfect" */;
			compatibilityVersion = "Xcode 3.2";
			developmentRegion = English;
			hasScannedForEncodings = 0;
			knownRegions = (
				en,
				Base,
			);
			mainGroup = 32FE911F1A8F9D530058A03B;
			productRefGroup = 32FE91291A8F9D530058A03B /* Products */;
			projectDirPath = "";
			projectRoot = "";
			targets = (
				32FE91271A8F9D530058A03B /* Pitch Perfect */,
				32FE913C1A8F9D530058A03B /* Pitch PerfectTests */,
			);
		};
/* End PBXProject section */

/* Begin PBXResourcesBuildPhase section */
		32FE91261A8F9D530058A03B /* Resources */ = {
			isa = PBXResourcesBuildPhase;
			buildActionMask = 2147483647;
			files = (
				32FE91331A8F9D530058A03B /* Main.storyboard in Resources */,
				32FE91521A8FD4D80058A03B /* movie_quote.mp3 in Resources */,
				32FE91381A8F9D530058A03B /* LaunchScreen.xib in Resources */,
				32FE91351A8F9D530058A03B /* Images.xcassets in Resources */,
			);
			runOnlyForDeploymentPostprocessing = 0;
		};
		32FE913B1A8F9D530058A03B /* Resources */ = {
			isa = PBXResourcesBuildPhase;
			buildActionMask = 2147483647;
			files = (
			);
			runOnlyForDeploymentPostprocessing = 0;
		};
/* End PBXResourcesBuildPhase section */

/* Begin PBXSourcesBuildPhase section */
		32FE91241A8F9D530058A03B /* Sources */ = {
			isa = PBXSourcesBuildPhase;
			buildActionMask = 2147483647;
			files = (
				32FE91541A9244AF0058A03B /* RecordedAudio.swift in Sources */,
				32FE91301A8F9D530058A03B /* RecordSoundsViewController.swift in Sources */,
				32FE914E1A8FC9060058A03B /* PlaySoundsViewController.swift in Sources */,
				32FE912E1A8F9D530058A03B /* AppDelegate.swift in Sources */,
			);
			runOnlyForDeploymentPostprocessing = 0;
		};
		32FE91391A8F9D530058A03B /* Sources */ = {
			isa = PBXSourcesBuildPhase;
			buildActionMask = 2147483647;
			files = (
				32FE91441A8F9D530058A03B /* Pitch_PerfectTests.swift in Sources */,
			);
			runOnlyForDeploymentPostprocessing = 0;
		};
/* End PBXSourcesBuildPhase section */

/* Begin PBXTargetDependency section */
		32FE913F1A8F9D530058A03B /* PBXTargetDependency */ = {
			isa = PBXTargetDependency;
			target = 32FE91271A8F9D530058A03B /* Pitch Perfect */;
			targetProxy = 32FE913E1A8F9D530058A03B /* PBXContainerItemProxy */;
		};
/* End PBXTargetDependency section */

/* Begin PBXVariantGroup section */
		32FE91311A8F9D530058A03B /* Main.storyboard */ = {
			isa = PBXVariantGroup;
			children = (
				32FE91321A8F9D530058A03B /* Base */,
			);
			name = Main.storyboard;
			sourceTree = "<group>";
		};
		32FE91361A8F9D530058A03B /* LaunchScreen.xib */ = {
			isa = PBXVariantGroup;
			children = (
				32FE91371A8F9D530058A03B /* Base */,
			);
			name = LaunchScreen.xib;
			sourceTree = "<group>";
		};
/* End PBXVariantGroup section */

/* Begin XCBuildConfiguration section */
		32FE91451A8F9D530058A03B /* Debug */ = {
			isa = XCBuildConfiguration;
			buildSettings = {
				ALWAYS_SEARCH_USER_PATHS = NO;
				CLANG_CXX_LANGUAGE_STANDARD = "gnu++0x";
				CLANG_CXX_LIBRARY = "libc++";
				CLANG_ENABLE_MODULES = YES;
				CLANG_ENABLE_OBJC_ARC = YES;
				CLANG_WARN_BOOL_CONVERSION = YES;
				CLANG_WARN_CONSTANT_CONVERSION = YES;
				CLANG_WARN_DIRECT_OBJC_ISA_USAGE = YES_ERROR;
				CLANG_WARN_EMPTY_BODY = YES;
				CLANG_WARN_ENUM_CONVERSION = YES;
				CLANG_WARN_INT_CONVERSION = YES;
				CLANG_WARN_OBJC_ROOT_CLASS = YES_ERROR;
				CLANG_WARN_UNREACHABLE_CODE = YES;
				CLANG_WARN__DUPLICATE_METHOD_MATCH = YES;
				"CODE_SIGN_IDENTITY[sdk=iphoneos*]" = "iPhone Developer";
				COPY_PHASE_STRIP = NO;
				ENABLE_STRICT_OBJC_MSGSEND = YES;
				GCC_C_LANGUAGE_STANDARD = gnu99;
				GCC_DYNAMIC_NO_PIC = NO;
				GCC_OPTIMIZATION_LEVEL = 0;
				GCC_PREPROCESSOR_DEFINITIONS = (
					"DEBUG=1",
					"$(inherited)",
				);
				GCC_SYMBOLS_PRIVATE_EXTERN = NO;
				GCC_WARN_64_TO_32_BIT_CONVERSION = YES;
				GCC_WARN_ABOUT_RETURN_TYPE = YES_ERROR;
				GCC_WARN_UNDECLARED_SELECTOR = YES;
				GCC_WARN_UNINITIALIZED_AUTOS = YES_AGGRESSIVE;
				GCC_WARN_UNUSED_FUNCTION = YES;
				GCC_WARN_UNUSED_VARIABLE = YES;
				IPHONEOS_DEPLOYMENT_TARGET = 8.1;
				MTL_ENABLE_DEBUG_INFO = YES;
				ONLY_ACTIVE_ARCH = YES;
				SDKROOT = iphoneos;
				SWIFT_OPTIMIZATION_LEVEL = "-Onone";
			};
			name = Debug;
		};
		32FE91461A8F9D530058A03B /* Release */ = {
			isa = XCBuildConfiguration;
			buildSettings = {
				ALWAYS_SEARCH_USER_PATHS = NO;
				CLANG_CXX_LANGUAGE_STANDARD = "gnu++0x";
				CLANG_CXX_LIBRARY = "libc++";
				CLANG_ENABLE_MODULES = YES;
				CLANG_ENABLE_OBJC_ARC = YES;
				CLANG_WARN_BOOL_CONVERSION = YES;
				CLANG_WARN_CONSTANT_CONVERSION = YES;
				CLANG_WARN_DIRECT_OBJC_ISA_USAGE = YES_ERROR;
				CLANG_WARN_EMPTY_BODY = YES;
				CLANG_WARN_ENUM_CONVERSION = YES;
				CLANG_WARN_INT_CONVERSION = YES;
				CLANG_WARN_OBJC_ROOT_CLASS = YES_ERROR;
				CLANG_WARN_UNREACHABLE_CODE = YES;
				CLANG_WARN__DUPLICATE_METHOD_MATCH = YES;
				"CODE_SIGN_IDENTITY[sdk=iphoneos*]" = "iPhone Developer";
				COPY_PHASE_STRIP = YES;
				ENABLE_NS_ASSERTIONS = NO;
				ENABLE_STRICT_OBJC_MSGSEND = YES;
				GCC_C_LANGUAGE_STANDARD = gnu99;
				GCC_WARN_64_TO_32_BIT_CONVERSION = YES;
				GCC_WARN_ABOUT_RETURN_TYPE = YES_ERROR;
				GCC_WARN_UNDECLARED_SELECTOR = YES;
				GCC_WARN_UNINITIALIZED_AUTOS = YES_AGGRESSIVE;
				GCC_WARN_UNUSED_FUNCTION = YES;
				GCC_WARN_UNUSED_VARIABLE = YES;
				IPHONEOS_DEPLOYMENT_TARGET = 8.1;
				MTL_ENABLE_DEBUG_INFO = NO;
				SDKROOT = iphoneos;
				VALIDATE_PRODUCT = YES;
			};
			name = Release;
		};
		32FE91481A8F9D530058A03B /* Debug */ = {
			isa = XCBuildConfiguration;
			buildSettings = {
				ASSETCATALOG_COMPILER_APPICON_NAME = AppIcon;
				INFOPLIST_FILE = "Pitch Perfect/Info.plist";
				LD_RUNPATH_SEARCH_PATHS = "$(inherited) @executable_path/Frameworks";
				PRODUCT_NAME = "$(TARGET_NAME)";
			};
			name = Debug;
		};
		32FE91491A8F9D530058A03B /* Release */ = {
			isa = XCBuildConfiguration;
			buildSettings = {
				ASSETCATALOG_COMPILER_APPICON_NAME = AppIcon;
				INFOPLIST_FILE = "Pitch Perfect/Info.plist";
				LD_RUNPATH_SEARCH_PATHS = "$(inherited) @executable_path/Frameworks";
				PRODUCT_NAME = "$(TARGET_NAME)";
			};
			name = Release;
		};
		32FE914B1A8F9D530058A03B /* Debug */ = {
			isa = XCBuildConfiguration;
			buildSettings = {
				BUNDLE_LOADER = "$(TEST_HOST)";
				FRAMEWORK_SEARCH_PATHS = (
					"$(SDKROOT)/Developer/Library/Frameworks",
					"$(inherited)",
				);
				GCC_PREPROCESSOR_DEFINITIONS = (
					"DEBUG=1",
					"$(inherited)",
				);
				INFOPLIST_FILE = "Pitch PerfectTests/Info.plist";
				LD_RUNPATH_SEARCH_PATHS = "$(inherited) @executable_path/Frameworks @loader_path/Frameworks";
				PRODUCT_NAME = "$(TARGET_NAME)";
				TEST_HOST = "$(BUILT_PRODUCTS_DIR)/Pitch Perfect.app/Pitch Perfect";
			};
			name = Debug;
		};
		32FE914C1A8F9D530058A03B /* Release */ = {
			isa = XCBuildConfiguration;
			buildSettings = {
				BUNDLE_LOADER = "$(TEST_HOST)";
				FRAMEWORK_SEARCH_PATHS = (
					"$(SDKROOT)/Developer/Library/Frameworks",
					"$(inherited)",
				);
				INFOPLIST_FILE = "Pitch PerfectTests/Info.plist";
				LD_RUNPATH_SEARCH_PATHS = "$(inherited) @executable_path/Frameworks @loader_path/Frameworks";
				PRODUCT_NAME = "$(TARGET_NAME)";
				TEST_HOST = "$(BUILT_PRODUCTS_DIR)/Pitch Perfect.app/Pitch Perfect";
			};
			name = Release;
		};
/* End XCBuildConfiguration section */

/* Begin XCConfigurationList section */
		32FE91231A8F9D530058A03B /* Build configuration list for PBXProject "Pitch Perfect" */ = {
			isa = XCConfigurationList;
			buildConfigurations = (
				32FE91451A8F9D530058A03B /* Debug */,
				32FE91461A8F9D530058A03B /* Release */,
			);
			defaultConfigurationIsVisible = 0;
			defaultConfigurationName = Release;
		};
		32FE91471A8F9D530058A03B /* Build configuration list for PBXNativeTarget "Pitch Perfect" */ = {
			isa = XCConfigurationList;
			buildConfigurations = (
				32FE91481A8F9D530058A03B /* Debug */,
				32FE91491A8F9D530058A03B /* Release */,
			);
			defaultConfigurationIsVisible = 0;
			defaultConfigurationName = Release;
		};
		32FE914A1A8F9D530058A03B /* Build configuration list for PBXNativeTarget "Pitch PerfectTests" */ = {
			isa = XCConfigurationList;
			buildConfigurations = (
				32FE914B1A8F9D530058A03B /* Debug */,
				32FE914C1A8F9D530058A03B /* Release */,
			);
			defaultConfigurationIsVisible = 0;
			defaultConfigurationName = Release;
		};
/* End XCConfigurationList section */
	};
	rootObject = 32FE91201A8F9D530058A03B /* Project object */;
}
